
Microsoft Visual Studio Solution File, Format Version 12.00
# Visual Studio Version 17
VisualStudioVersion = 17.3.32929.385
MinimumVisualStudioVersion = 10.0.40219.1
Project("{FAE04EC0-301F-11D3-BF4B-00C04F79EFBC}") = "quanlychannuoi", "quanlychannuoi.csproj", "{5FFDE04F-5F83-4765-8D17-3163681ED778}"
EndProject
Global
	GlobalSection(SolutionConfigurationPlatforms) = preSolution
		Debug|Any CPU = Debug|Any CPU
		Release|Any CPU = Release|Any CPU
	EndGlobalSection
	GlobalSection(ProjectConfigurationPlatforms) = postSolution
		{5FFDE04F-5F83-4765-8D17-3163681ED778}.Debug|Any CPU.ActiveCfg = Debug|Any CPU
		{5FFDE04F-5F83-4765-8D17-3163681ED778}.Debug|Any CPU.Build.0 = Debug|Any CPU
		{5FFDE04F-5F83-4765-8D17-3163681ED778}.Release|Any CPU.ActiveCfg = Release|Any CPU
		{5FFDE04F-5F83-4765-8D17-3163681ED778}.Release|Any CPU.Build.0 = Release|Any CPU
	EndGlobalSection
	GlobalSection(SolutionProperties) = preSolution
		HideSolutionNode = FALSE
	EndGlobalSection
	GlobalSection(ExtensibilityGlobals) = postSolution
		SolutionGuid = {5D2EE1BC-27FC-47E0-AE0F-E9305192E1DD}
	EndGlobalSection
EndGlobal
